
Microsoft Visual Studio Solution File, Format Version 12.00
# Visual Studio 15
VisualStudioVersion = 15.0.28010.2016
MinimumVisualStudioVersion = 10.0.40219.1
Project("{FAE04EC0-301F-11D3-BF4B-00C04F79EFBC}") = "Program", "Program\Program.csproj", "{0CC18711-0857-404A-A078-B6B1CA81195A}"
EndProject
Project("{FAE04EC0-301F-11D3-BF4B-00C04F79EFBC}") = "MyFractalLib", "MyFractalLib\MyFractalLib.csproj", "{65AF05CC-28C8-452C-B266-1BB6BA474F4B}"
EndProject
Global
	GlobalSection(SolutionConfigurationPlatforms) = preSolution
		Debug|Any CPU = Debug|Any CPU
		Release|Any CPU = Release|Any CPU
	EndGlobalSection
	GlobalSection(ProjectConfigurationPlatforms) = postSolution
		{0CC18711-0857-404A-A078-B6B1CA81195A}.Debug|Any CPU.ActiveCfg = Debug|Any CPU
		{0CC18711-0857-404A-A078-B6B1CA81195A}.Debug|Any CPU.Build.0 = Debug|Any CPU
		{0CC18711-0857-404A-A078-B6B1CA81195A}.Release|Any CPU.ActiveCfg = Release|Any CPU
		{0CC18711-0857-404A-A078-B6B1CA81195A}.Release|Any CPU.Build.0 = Release|Any CPU
		{65AF05CC-28C8-452C-B266-1BB6BA474F4B}.Debug|Any CPU.ActiveCfg = Debug|Any CPU
		{65AF05CC-28C8-452C-B266-1BB6BA474F4B}.Debug|Any CPU.Build.0 = Debug|Any CPU
		{65AF05CC-28C8-452C-B266-1BB6BA474F4B}.Release|Any CPU.ActiveCfg = Release|Any CPU
		{65AF05CC-28C8-452C-B266-1BB6BA474F4B}.Release|Any CPU.Build.0 = Release|Any CPU
	EndGlobalSection
	GlobalSection(SolutionProperties) = preSolution
		HideSolutionNode = FALSE
	EndGlobalSection
	GlobalSection(ExtensibilityGlobals) = postSolution
		SolutionGuid = {F475C28B-3E34-4417-891D-994A6F3B7ADD}
	EndGlobalSection
EndGlobal
